
Microsoft Visual Studio Solution File, Format Version 12.00
# Visual Studio Version 17
VisualStudioVersion = 17.13.35818.85 d17.13
MinimumVisualStudioVersion = 10.0.40219.1
Project("{FAE04EC0-301F-11D3-BF4B-00C04F79EFBC}") = "MauaiAppMeuCombustivel", "MauaiAppMeuCombustivel\MauaiAppMeuCombustivel.csproj", "{67B784FE-D133-411A-8EA0-8B7E67E4D815}"
EndProject
Global
	GlobalSection(SolutionConfigurationPlatforms) = preSolution
		Debug|Any CPU = Debug|Any CPU
		Release|Any CPU = Release|Any CPU
	EndGlobalSection
	GlobalSection(ProjectConfigurationPlatforms) = postSolution
		{67B784FE-D133-411A-8EA0-8B7E67E4D815}.Debug|Any CPU.ActiveCfg = Debug|Any CPU
		{67B784FE-D133-411A-8EA0-8B7E67E4D815}.Debug|Any CPU.Build.0 = Debug|Any CPU
		{67B784FE-D133-411A-8EA0-8B7E67E4D815}.Debug|Any CPU.Deploy.0 = Debug|Any CPU
		{67B784FE-D133-411A-8EA0-8B7E67E4D815}.Release|Any CPU.ActiveCfg = Release|Any CPU
		{67B784FE-D133-411A-8EA0-8B7E67E4D815}.Release|Any CPU.Build.0 = Release|Any CPU
		{67B784FE-D133-411A-8EA0-8B7E67E4D815}.Release|Any CPU.Deploy.0 = Release|Any CPU
	EndGlobalSection
	GlobalSection(SolutionProperties) = preSolution
		HideSolutionNode = FALSE
	EndGlobalSection
	GlobalSection(ExtensibilityGlobals) = postSolution
		SolutionGuid = {301FC29A-E2AA-4A07-84DA-794382C69C35}
	EndGlobalSection
EndGlobal
